
Microsoft Visual Studio Solution File, Format Version 12.00
# Visual Studio Version 17
VisualStudioVersion = 17.3.32929.385
MinimumVisualStudioVersion = 10.0.40219.1
Project("{FAE04EC0-301F-11D3-BF4B-00C04F79EFBC}") = "BasicCorePrograms", "BasicCorePrograms\BasicCorePrograms.csproj", "{CC4009FB-946F-4387-90FE-1FC9A75E0B9B}"
EndProject
Global
	GlobalSection(SolutionConfigurationPlatforms) = preSolution
		Debug|Any CPU = Debug|Any CPU
		Release|Any CPU = Release|Any CPU
	EndGlobalSection
	GlobalSection(ProjectConfigurationPlatforms) = postSolution
		{CC4009FB-946F-4387-90FE-1FC9A75E0B9B}.Debug|Any CPU.ActiveCfg = Debug|Any CPU
		{CC4009FB-946F-4387-90FE-1FC9A75E0B9B}.Debug|Any CPU.Build.0 = Debug|Any CPU
		{CC4009FB-946F-4387-90FE-1FC9A75E0B9B}.Release|Any CPU.ActiveCfg = Release|Any CPU
		{CC4009FB-946F-4387-90FE-1FC9A75E0B9B}.Release|Any CPU.Build.0 = Release|Any CPU
	EndGlobalSection
	GlobalSection(SolutionProperties) = preSolution
		HideSolutionNode = FALSE
	EndGlobalSection
	GlobalSection(ExtensibilityGlobals) = postSolution
		SolutionGuid = {A7BBEB71-FA28-4F1F-8F78-113634F0C4E6}
	EndGlobalSection
EndGlobal
